
Microsoft Visual Studio Solution File, Format Version 12.00
# Visual Studio Version 17
VisualStudioVersion = 17.9.34728.123
MinimumVisualStudioVersion = 10.0.40219.1
Project("{FAE04EC0-301F-11D3-BF4B-00C04F79EFBC}") = "BST_lesson09", "LHL_lesson09\BST_lesson09.csproj", "{E3CF5D20-DDC5-4360-A1B4-D7C6E82C8AC4}"
EndProject
Global
	GlobalSection(SolutionConfigurationPlatforms) = preSolution
		Debug|Any CPU = Debug|Any CPU
		Release|Any CPU = Release|Any CPU
	EndGlobalSection
	GlobalSection(ProjectConfigurationPlatforms) = postSolution
		{E3CF5D20-DDC5-4360-A1B4-D7C6E82C8AC4}.Debug|Any CPU.ActiveCfg = Debug|Any CPU
		{E3CF5D20-DDC5-4360-A1B4-D7C6E82C8AC4}.Debug|Any CPU.Build.0 = Debug|Any CPU
		{E3CF5D20-DDC5-4360-A1B4-D7C6E82C8AC4}.Release|Any CPU.ActiveCfg = Release|Any CPU
		{E3CF5D20-DDC5-4360-A1B4-D7C6E82C8AC4}.Release|Any CPU.Build.0 = Release|Any CPU
	EndGlobalSection
	GlobalSection(SolutionProperties) = preSolution
		HideSolutionNode = FALSE
	EndGlobalSection
	GlobalSection(ExtensibilityGlobals) = postSolution
		SolutionGuid = {FC254485-4574-4773-84C4-10E27032E713}
	EndGlobalSection
EndGlobal
